
Microsoft Visual Studio Solution File, Format Version 12.00
# Visual Studio Version 17
VisualStudioVersion = 17.5.33516.290
MinimumVisualStudioVersion = 10.0.40219.1
Project("{888888A0-9F3D-457C-B088-3A5042F75D52}") = "signup", "signup.pyproj", "{9E154F16-325F-4BA3-AF5E-ED935DE98021}"
EndProject
Global
	GlobalSection(SolutionConfigurationPlatforms) = preSolution
		Debug|Any CPU = Debug|Any CPU
		Release|Any CPU = Release|Any CPU
	EndGlobalSection
	GlobalSection(ProjectConfigurationPlatforms) = postSolution
		{9E154F16-325F-4BA3-AF5E-ED935DE98021}.Debug|Any CPU.ActiveCfg = Debug|Any CPU
		{9E154F16-325F-4BA3-AF5E-ED935DE98021}.Release|Any CPU.ActiveCfg = Release|Any CPU
	EndGlobalSection
	GlobalSection(SolutionProperties) = preSolution
		HideSolutionNode = FALSE
	EndGlobalSection
	GlobalSection(ExtensibilityGlobals) = postSolution
		SolutionGuid = {98C638AA-FF22-4D68-A24F-DC4E647F9498}
	EndGlobalSection
EndGlobal
