
Microsoft Visual Studio Solution File, Format Version 12.00
# Visual Studio Version 17
VisualStudioVersion = 17.5.33516.290
MinimumVisualStudioVersion = 10.0.40219.1
Project("{888888A0-9F3D-457C-B088-3A5042F75D52}") = "studentportal", "studentportal.pyproj", "{107542D4-E25D-4ECE-A80A-C31BB3D1E82E}"
EndProject
Global
	GlobalSection(SolutionConfigurationPlatforms) = preSolution
		Debug|Any CPU = Debug|Any CPU
		Release|Any CPU = Release|Any CPU
	EndGlobalSection
	GlobalSection(ProjectConfigurationPlatforms) = postSolution
		{107542D4-E25D-4ECE-A80A-C31BB3D1E82E}.Debug|Any CPU.ActiveCfg = Debug|Any CPU
		{107542D4-E25D-4ECE-A80A-C31BB3D1E82E}.Debug|Any CPU.Build.0 = Debug|Any CPU
		{107542D4-E25D-4ECE-A80A-C31BB3D1E82E}.Release|Any CPU.ActiveCfg = Release|Any CPU
		{107542D4-E25D-4ECE-A80A-C31BB3D1E82E}.Release|Any CPU.Build.0 = Release|Any CPU
	EndGlobalSection
	GlobalSection(SolutionProperties) = preSolution
		HideSolutionNode = FALSE
	EndGlobalSection
	GlobalSection(ExtensibilityGlobals) = postSolution
		SolutionGuid = {9DEEC31A-7088-49B2-A3B1-21AEA36CD52C}
	EndGlobalSection
EndGlobal
