
Microsoft Visual Studio Solution File, Format Version 12.00
# Visual Studio Version 17
VisualStudioVersion = 17.5.33516.290
MinimumVisualStudioVersion = 10.0.40219.1
Project("{888888A0-9F3D-457C-B088-3A5042F75D52}") = "django1", "django1.pyproj", "{039F374C-8303-4F98-89E7-E0F2F4C75F97}"
EndProject
Global
	GlobalSection(SolutionConfigurationPlatforms) = preSolution
		Debug|Any CPU = Debug|Any CPU
		Release|Any CPU = Release|Any CPU
	EndGlobalSection
	GlobalSection(ProjectConfigurationPlatforms) = postSolution
		{039F374C-8303-4F98-89E7-E0F2F4C75F97}.Debug|Any CPU.ActiveCfg = Debug|Any CPU
		{039F374C-8303-4F98-89E7-E0F2F4C75F97}.Debug|Any CPU.Build.0 = Debug|Any CPU
		{039F374C-8303-4F98-89E7-E0F2F4C75F97}.Release|Any CPU.ActiveCfg = Release|Any CPU
		{039F374C-8303-4F98-89E7-E0F2F4C75F97}.Release|Any CPU.Build.0 = Release|Any CPU
	EndGlobalSection
	GlobalSection(SolutionProperties) = preSolution
		HideSolutionNode = FALSE
	EndGlobalSection
	GlobalSection(ExtensibilityGlobals) = postSolution
		SolutionGuid = {D5EB7FAD-2370-4539-B577-AEE58E5BDCCD}
	EndGlobalSection
EndGlobal
