
Microsoft Visual Studio Solution File, Format Version 12.00
# Visual Studio Version 17
VisualStudioVersion = 17.5.33516.290
MinimumVisualStudioVersion = 10.0.40219.1
Project("{888888A0-9F3D-457C-B088-3A5042F75D52}") = "DjangoWebProject", "DjangoWebProject.pyproj", "{8E59651B-F4B9-4436-A52C-6142A3458AAE}"
EndProject
Global
	GlobalSection(SolutionConfigurationPlatforms) = preSolution
		Debug|Any CPU = Debug|Any CPU
		Release|Any CPU = Release|Any CPU
	EndGlobalSection
	GlobalSection(ProjectConfigurationPlatforms) = postSolution
		{8E59651B-F4B9-4436-A52C-6142A3458AAE}.Debug|Any CPU.ActiveCfg = Debug|Any CPU
		{8E59651B-F4B9-4436-A52C-6142A3458AAE}.Debug|Any CPU.Build.0 = Debug|Any CPU
		{8E59651B-F4B9-4436-A52C-6142A3458AAE}.Release|Any CPU.ActiveCfg = Release|Any CPU
		{8E59651B-F4B9-4436-A52C-6142A3458AAE}.Release|Any CPU.Build.0 = Release|Any CPU
	EndGlobalSection
	GlobalSection(SolutionProperties) = preSolution
		HideSolutionNode = FALSE
	EndGlobalSection
	GlobalSection(ExtensibilityGlobals) = postSolution
		SolutionGuid = {A5AAA1B7-1EDA-4B1C-924E-599DA48E2DBF}
	EndGlobalSection
EndGlobal
